// !$*UTF8*$!
{
	archiveVersion = 1;
	classes = {
	};
	objectVersion = 46;
	objects = {

/* Begin PBXBuildFile section */
		8D29B8AF1A37A4F800EC8DB7 /* main.m in Sources */ = {isa = PBXBuildFile; fileRef = 8D29B8AE1A37A4F800EC8DB7 /* main.m */; };
		8D29B8B21A37A4F800EC8DB7 /* AppDelegate.m in Sources */ = {isa = PBXBuildFile; fileRef = 8D29B8B11A37A4F800EC8DB7 /* AppDelegate.m */; };
		8D29B8B51A37A4F800EC8DB7 /* ViewController.m in Sources */ = {isa = PBXBuildFile; fileRef = 8D29B8B41A37A4F800EC8DB7 /* ViewController.m */; };
		8D29B8B81A37A4F800EC8DB7 /* Main.storyboard in Resources */ = {isa = PBXBuildFile; fileRef = 8D29B8B61A37A4F800EC8DB7 /* Main.storyboard */; };
		8D29B8BA1A37A4F800EC8DB7 /* Images.xcassets in Resources */ = {isa = PBXBuildFile; fileRef = 8D29B8B91A37A4F800EC8DB7 /* Images.xcassets */; };
		8D29B8BD1A37A4F800EC8DB7 /* LaunchScreen.xib in Resources */ = {isa = PBXBuildFile; fileRef = 8D29B8BB1A37A4F800EC8DB7 /* LaunchScreen.xib */; };
		8D29B8C91A37A4F800EC8DB7 /* iOSChallengeTests.m in Sources */ = {isa = PBXBuildFile; fileRef = 8D29B8C81A37A4F800EC8DB7 /* iOSChallengeTests.m */; };
		BF1529A51A3A0FA30093A2B6 /* Menu.m in Sources */ = {isa = PBXBuildFile; fileRef = BF1529A41A3A0FA30093A2B6 /* Menu.m */; };
		BF1529AA1A3A17340093A2B6 /* TransparentToolbar.m in Sources */ = {isa = PBXBuildFile; fileRef = BF1529A91A3A17340093A2B6 /* TransparentToolbar.m */; };
		BF1529AD1A3A18EC0093A2B6 /* BarButton.m in Sources */ = {isa = PBXBuildFile; fileRef = BF1529AC1A3A18EC0093A2B6 /* BarButton.m */; };
		BF1529B11A3A2D360093A2B6 /* UserActionButton.m in Sources */ = {isa = PBXBuildFile; fileRef = BF1529B01A3A2D360093A2B6 /* UserActionButton.m */; };
		BF1529B41A3A36720093A2B6 /* Footer.m in Sources */ = {isa = PBXBuildFile; fileRef = BF1529B31A3A36720093A2B6 /* Footer.m */; };
		BF1529B71A3A4AC80093A2B6 /* UserChoiceViewController.m in Sources */ = {isa = PBXBuildFile; fileRef = BF1529B61A3A4AC80093A2B6 /* UserChoiceViewController.m */; };
		BF686DFB1A38792C007EC0E3 /* Circle.m in Sources */ = {isa = PBXBuildFile; fileRef = BF686DFA1A38792C007EC0E3 /* Circle.m */; };
		BF686DFE1A388423007EC0E3 /* Segment.m in Sources */ = {isa = PBXBuildFile; fileRef = BF686DFD1A388423007EC0E3 /* Segment.m */; };
		BF686E011A3886F4007EC0E3 /* ItemMenu.m in Sources */ = {isa = PBXBuildFile; fileRef = BF686E001A3886F4007EC0E3 /* ItemMenu.m */; };
		BF686E031A3887BD007EC0E3 /* ItemMenu.xib in Resources */ = {isa = PBXBuildFile; fileRef = BF686E021A3887BD007EC0E3 /* ItemMenu.xib */; };
		BF686E061A38CCD1007EC0E3 /* Title.m in Sources */ = {isa = PBXBuildFile; fileRef = BF686E051A38CCD1007EC0E3 /* Title.m */; };
/* End PBXBuildFile section */

/* Begin PBXContainerItemProxy section */
		8D29B8C31A37A4F800EC8DB7 /* PBXContainerItemProxy */ = {
			isa = PBXContainerItemProxy;
			containerPortal = 8D29B8A11A37A4F800EC8DB7 /* Project object */;
			proxyType = 1;
			remoteGlobalIDString = 8D29B8A81A37A4F800EC8DB7;
			remoteInfo = iOSChallenge;
		};
/* End PBXContainerItemProxy section */

/* Begin PBXFileReference section */
		8D29B8A91A37A4F800EC8DB7 /* iOSChallenge.app */ = {isa = PBXFileReference; explicitFileType = wrapper.application; includeInIndex = 0; path = iOSChallenge.app; sourceTree = BUILT_PRODUCTS_DIR; };
		8D29B8AD1A37A4F800EC8DB7 /* Info.plist */ = {isa = PBXFileReference; lastKnownFileType = text.plist.xml; path = Info.plist; sourceTree = "<group>"; };
		8D29B8AE1A37A4F800EC8DB7 /* main.m */ = {isa = PBXFileReference; lastKnownFileType = sourcecode.c.objc; path = main.m; sourceTree = "<group>"; };
		8D29B8B01A37A4F800EC8DB7 /* AppDelegate.h */ = {isa = PBXFileReference; lastKnownFileType = sourcecode.c.h; path = AppDelegate.h; sourceTree = "<group>"; };
		8D29B8B11A37A4F800EC8DB7 /* AppDelegate.m */ = {isa = PBXFileReference; lastKnownFileType = sourcecode.c.objc; path = AppDelegate.m; sourceTree = "<group>"; };
		8D29B8B31A37A4F800EC8DB7 /* ViewController.h */ = {isa = PBXFileReference; lastKnownFileType = sourcecode.c.h; path = ViewController.h; sourceTree = "<group>"; };
		8D29B8B41A37A4F800EC8DB7 /* ViewController.m */ = {isa = PBXFileReference; lastKnownFileType = sourcecode.c.objc; path = ViewController.m; sourceTree = "<group>"; };
		8D29B8B71A37A4F800EC8DB7 /* Base */ = {isa = PBXFileReference; lastKnownFileType = file.storyboard; name = Base; path = Base.lproj/Main.storyboard; sourceTree = "<group>"; };
		8D29B8B91A37A4F800EC8DB7 /* Images.xcassets */ = {isa = PBXFileReference; lastKnownFileType = folder.assetcatalog; path = Images.xcassets; sourceTree = "<group>"; };
		8D29B8BC1A37A4F800EC8DB7 /* Base */ = {isa = PBXFileReference; lastKnownFileType = file.xib; name = Base; path = Base.lproj/LaunchScreen.xib; sourceTree = "<group>"; };
		8D29B8C21A37A4F800EC8DB7 /* iOSChallengeTests.xctest */ = {isa = PBXFileReference; explicitFileType = wrapper.cfbundle; includeInIndex = 0; path = iOSChallengeTests.xctest; sourceTree = BUILT_PRODUCTS_DIR; };
		8D29B8C71A37A4F800EC8DB7 /* Info.plist */ = {isa = PBXFileReference; lastKnownFileType = text.plist.xml; path = Info.plist; sourceTree = "<group>"; };
		8D29B8C81A37A4F800EC8DB7 /* iOSChallengeTests.m */ = {isa = PBXFileReference; lastKnownFileType = sourcecode.c.objc; path = iOSChallengeTests.m; sourceTree = "<group>"; };
		BF1529A31A3A0FA30093A2B6 /* Menu.h */ = {isa = PBXFileReference; fileEncoding = 4; lastKnownFileType = sourcecode.c.h; name = Menu.h; path = Resources/Menu.h; sourceTree = "<group>"; };
		BF1529A41A3A0FA30093A2B6 /* Menu.m */ = {isa = PBXFileReference; fileEncoding = 4; lastKnownFileType = sourcecode.c.objc; name = Menu.m; path = Resources/Menu.m; sourceTree = "<group>"; };
		BF1529A81A3A17340093A2B6 /* TransparentToolbar.h */ = {isa = PBXFileReference; fileEncoding = 4; lastKnownFileType = sourcecode.c.h; name = TransparentToolbar.h; path = Resources/TransparentToolbar.h; sourceTree = "<group>"; };
		BF1529A91A3A17340093A2B6 /* TransparentToolbar.m */ = {isa = PBXFileReference; fileEncoding = 4; lastKnownFileType = sourcecode.c.objc; name = TransparentToolbar.m; path = Resources/TransparentToolbar.m; sourceTree = "<group>"; };
		BF1529AB1A3A18EC0093A2B6 /* BarButton.h */ = {isa = PBXFileReference; fileEncoding = 4; lastKnownFileType = sourcecode.c.h; name = BarButton.h; path = Resources/BarButton.h; sourceTree = "<group>"; };
		BF1529AC1A3A18EC0093A2B6 /* BarButton.m */ = {isa = PBXFileReference; fileEncoding = 4; lastKnownFileType = sourcecode.c.objc; name = BarButton.m; path = Resources/BarButton.m; sourceTree = "<group>"; };
		BF1529AF1A3A2D360093A2B6 /* UserActionButton.h */ = {isa = PBXFileReference; fileEncoding = 4; lastKnownFileType = sourcecode.c.h; path = UserActionButton.h; sourceTree = "<group>"; };
		BF1529B01A3A2D360093A2B6 /* UserActionButton.m */ = {isa = PBXFileReference; fileEncoding = 4; lastKnownFileType = sourcecode.c.objc; path = UserActionButton.m; sourceTree = "<group>"; };
		BF1529B21A3A36720093A2B6 /* Footer.h */ = {isa = PBXFileReference; fileEncoding = 4; lastKnownFileType = sourcecode.c.h; name = Footer.h; path = Resources/Footer.h; sourceTree = "<group>"; };
		BF1529B31A3A36720093A2B6 /* Footer.m */ = {isa = PBXFileReference; fileEncoding = 4; lastKnownFileType = sourcecode.c.objc; name = Footer.m; path = Resources/Footer.m; sourceTree = "<group>"; };
		BF1529B51A3A4AC80093A2B6 /* UserChoiceViewController.h */ = {isa = PBXFileReference; fileEncoding = 4; lastKnownFileType = sourcecode.c.h; path = UserChoiceViewController.h; sourceTree = "<group>"; };
		BF1529B61A3A4AC80093A2B6 /* UserChoiceViewController.m */ = {isa = PBXFileReference; fileEncoding = 4; lastKnownFileType = sourcecode.c.objc; path = UserChoiceViewController.m; sourceTree = "<group>"; };
		BF686DF91A38792C007EC0E3 /* Circle.h */ = {isa = PBXFileReference; fileEncoding = 4; lastKnownFileType = sourcecode.c.h; name = Circle.h; path = Resources/Circle.h; sourceTree = "<group>"; };
		BF686DFA1A38792C007EC0E3 /* Circle.m */ = {isa = PBXFileReference; fileEncoding = 4; lastKnownFileType = sourcecode.c.objc; name = Circle.m; path = Resources/Circle.m; sourceTree = "<group>"; };
		BF686DFC1A388423007EC0E3 /* Segment.h */ = {isa = PBXFileReference; fileEncoding = 4; lastKnownFileType = sourcecode.c.h; name = Segment.h; path = Resources/Segment.h; sourceTree = "<group>"; };
		BF686DFD1A388423007EC0E3 /* Segment.m */ = {isa = PBXFileReference; fileEncoding = 4; lastKnownFileType = sourcecode.c.objc; name = Segment.m; path = Resources/Segment.m; sourceTree = "<group>"; };
		BF686DFF1A3886F4007EC0E3 /* ItemMenu.h */ = {isa = PBXFileReference; fileEncoding = 4; lastKnownFileType = sourcecode.c.h; name = ItemMenu.h; path = Resources/ItemMenu.h; sourceTree = "<group>"; };
		BF686E001A3886F4007EC0E3 /* ItemMenu.m */ = {isa = PBXFileReference; fileEncoding = 4; lastKnownFileType = sourcecode.c.objc; name = ItemMenu.m; path = Resources/ItemMenu.m; sourceTree = "<group>"; };
		BF686E021A3887BD007EC0E3 /* ItemMenu.xib */ = {isa = PBXFileReference; fileEncoding = 4; lastKnownFileType = file.xib; name = ItemMenu.xib; path = Resources/ItemMenu.xib; sourceTree = "<group>"; };
		BF686E041A38CCD1007EC0E3 /* Title.h */ = {isa = PBXFileReference; fileEncoding = 4; lastKnownFileType = sourcecode.c.h; name = Title.h; path = Resources/Title.h; sourceTree = "<group>"; };
		BF686E051A38CCD1007EC0E3 /* Title.m */ = {isa = PBXFileReference; fileEncoding = 4; lastKnownFileType = sourcecode.c.objc; name = Title.m; path = Resources/Title.m; sourceTree = "<group>"; };
/* End PBXFileReference section */

/* Begin PBXFrameworksBuildPhase section */
		8D29B8A61A37A4F800EC8DB7 /* Frameworks */ = {
			isa = PBXFrameworksBuildPhase;
			buildActionMask = 2147483647;
			files = (
			);
			runOnlyForDeploymentPostprocessing = 0;
		};
		8D29B8BF1A37A4F800EC8DB7 /* Frameworks */ = {
			isa = PBXFrameworksBuildPhase;
			buildActionMask = 2147483647;
			files = (
			);
			runOnlyForDeploymentPostprocessing = 0;
		};
/* End PBXFrameworksBuildPhase section */

/* Begin PBXGroup section */
		8D29B8A01A37A4F800EC8DB7 = {
			isa = PBXGroup;
			children = (
				8D29B8AB1A37A4F800EC8DB7 /* iOSChallenge */,
				8D29B8C51A37A4F800EC8DB7 /* iOSChallengeTests */,
				8D29B8AA1A37A4F800EC8DB7 /* Products */,
			);
			sourceTree = "<group>";
		};
		8D29B8AA1A37A4F800EC8DB7 /* Products */ = {
			isa = PBXGroup;
			children = (
				8D29B8A91A37A4F800EC8DB7 /* iOSChallenge.app */,
				8D29B8C21A37A4F800EC8DB7 /* iOSChallengeTests.xctest */,
			);
			name = Products;
			sourceTree = "<group>";
		};
		8D29B8AB1A37A4F800EC8DB7 /* iOSChallenge */ = {
			isa = PBXGroup;
			children = (
				BF686DF81A387905007EC0E3 /* Resources */,
				8D29B8D51A37AE6B00EC8DB7 /* Controllers */,
				8D29B8D61A37AE8300EC8DB7 /* Views */,
				8D29B8B91A37A4F800EC8DB7 /* Images.xcassets */,
				8D29B8AC1A37A4F800EC8DB7 /* Supporting Files */,
			);
			path = iOSChallenge;
			sourceTree = "<group>";
		};
		8D29B8AC1A37A4F800EC8DB7 /* Supporting Files */ = {
			isa = PBXGroup;
			children = (
				8D29B8B01A37A4F800EC8DB7 /* AppDelegate.h */,
				8D29B8B11A37A4F800EC8DB7 /* AppDelegate.m */,
				8D29B8AD1A37A4F800EC8DB7 /* Info.plist */,
				8D29B8AE1A37A4F800EC8DB7 /* main.m */,
			);
			name = "Supporting Files";
			sourceTree = "<group>";
		};
		8D29B8C51A37A4F800EC8DB7 /* iOSChallengeTests */ = {
			isa = PBXGroup;
			children = (
				8D29B8C81A37A4F800EC8DB7 /* iOSChallengeTests.m */,
				8D29B8C61A37A4F800EC8DB7 /* Supporting Files */,
			);
			path = iOSChallengeTests;
			sourceTree = "<group>";
		};
		8D29B8C61A37A4F800EC8DB7 /* Supporting Files */ = {
			isa = PBXGroup;
			children = (
				8D29B8C71A37A4F800EC8DB7 /* Info.plist */,
			);
			name = "Supporting Files";
			sourceTree = "<group>";
		};
		8D29B8D51A37AE6B00EC8DB7 /* Controllers */ = {
			isa = PBXGroup;
			children = (
				8D29B8B31A37A4F800EC8DB7 /* ViewController.h */,
				8D29B8B41A37A4F800EC8DB7 /* ViewController.m */,
				BF1529B51A3A4AC80093A2B6 /* UserChoiceViewController.h */,
				BF1529B61A3A4AC80093A2B6 /* UserChoiceViewController.m */,
			);
			name = Controllers;
			sourceTree = "<group>";
		};
		8D29B8D61A37AE8300EC8DB7 /* Views */ = {
			isa = PBXGroup;
			children = (
				8D29B8B61A37A4F800EC8DB7 /* Main.storyboard */,
				8D29B8BB1A37A4F800EC8DB7 /* LaunchScreen.xib */,
			);
			name = Views;
			sourceTree = "<group>";
		};
		BF1529A21A3A0C1C0093A2B6 /* MenuItem */ = {
			isa = PBXGroup;
			children = (
				BF686DF91A38792C007EC0E3 /* Circle.h */,
				BF686DFA1A38792C007EC0E3 /* Circle.m */,
				BF686DFC1A388423007EC0E3 /* Segment.h */,
				BF686DFD1A388423007EC0E3 /* Segment.m */,
				BF686E041A38CCD1007EC0E3 /* Title.h */,
				BF686E051A38CCD1007EC0E3 /* Title.m */,
				BF686DFF1A3886F4007EC0E3 /* ItemMenu.h */,
				BF686E001A3886F4007EC0E3 /* ItemMenu.m */,
				BF686E021A3887BD007EC0E3 /* ItemMenu.xib */,
			);
			name = MenuItem;
			sourceTree = "<group>";
		};
		BF1529A61A3A17020093A2B6 /* Board */ = {
			isa = PBXGroup;
			children = (
				BF1529A21A3A0C1C0093A2B6 /* MenuItem */,
				BF1529A31A3A0FA30093A2B6 /* Menu.h */,
				BF1529A41A3A0FA30093A2B6 /* Menu.m */,
			);
			name = Board;
			sourceTree = "<group>";
		};
		BF1529A71A3A170B0093A2B6 /* Navigation */ = {
			isa = PBXGroup;
			children = (
				BF1529A81A3A17340093A2B6 /* TransparentToolbar.h */,
				BF1529A91A3A17340093A2B6 /* TransparentToolbar.m */,
				BF1529AB1A3A18EC0093A2B6 /* BarButton.h */,
				BF1529AC1A3A18EC0093A2B6 /* BarButton.m */,
			);
			name = Navigation;
			sourceTree = "<group>";
		};
		BF1529AE1A3A2B5E0093A2B6 /* Footer */ = {
			isa = PBXGroup;
			children = (
				BF1529AF1A3A2D360093A2B6 /* UserActionButton.h */,
				BF1529B01A3A2D360093A2B6 /* UserActionButton.m */,
				BF1529B21A3A36720093A2B6 /* Footer.h */,
				BF1529B31A3A36720093A2B6 /* Footer.m */,
			);
			name = Footer;
			sourceTree = "<group>";
		};
		BF686DF81A387905007EC0E3 /* Resources */ = {
			isa = PBXGroup;
			children = (
				BF1529A71A3A170B0093A2B6 /* Navigation */,
				BF1529A61A3A17020093A2B6 /* Board */,
				BF1529AE1A3A2B5E0093A2B6 /* Footer */,
			);
			name = Resources;
			sourceTree = "<group>";
		};
/* End PBXGroup section */

/* Begin PBXNativeTarget section */
		8D29B8A81A37A4F800EC8DB7 /* iOSChallenge */ = {
			isa = PBXNativeTarget;
			buildConfigurationList = 8D29B8CC1A37A4F800EC8DB7 /* Build configuration list for PBXNativeTarget "iOSChallenge" */;
			buildPhases = (
				8D29B8A51A37A4F800EC8DB7 /* Sources */,
				8D29B8A61A37A4F800EC8DB7 /* Frameworks */,
				8D29B8A71A37A4F800EC8DB7 /* Resources */,
			);
			buildRules = (
			);
			dependencies = (
			);
			name = iOSChallenge;
			productName = iOSChallenge;
			productReference = 8D29B8A91A37A4F800EC8DB7 /* iOSChallenge.app */;
			productType = "com.apple.product-type.application";
		};
		8D29B8C11A37A4F800EC8DB7 /* iOSChallengeTests */ = {
			isa = PBXNativeTarget;
			buildConfigurationList = 8D29B8CF1A37A4F800EC8DB7 /* Build configuration list for PBXNativeTarget "iOSChallengeTests" */;
			buildPhases = (
				8D29B8BE1A37A4F800EC8DB7 /* Sources */,
				8D29B8BF1A37A4F800EC8DB7 /* Frameworks */,
				8D29B8C01A37A4F800EC8DB7 /* Resources */,
			);
			buildRules = (
			);
			dependencies = (
				8D29B8C41A37A4F800EC8DB7 /* PBXTargetDependency */,
			);
			name = iOSChallengeTests;
			productName = iOSChallengeTests;
			productReference = 8D29B8C21A37A4F800EC8DB7 /* iOSChallengeTests.xctest */;
			productType = "com.apple.product-type.bundle.unit-test";
		};
/* End PBXNativeTarget section */

/* Begin PBXProject section */
		8D29B8A11A37A4F800EC8DB7 /* Project object */ = {
			isa = PBXProject;
			attributes = {
				LastUpgradeCheck = 0610;
				ORGANIZATIONNAME = MaWaPe;
				TargetAttributes = {
					8D29B8A81A37A4F800EC8DB7 = {
						CreatedOnToolsVersion = 6.1.1;
					};
					8D29B8C11A37A4F800EC8DB7 = {
						CreatedOnToolsVersion = 6.1.1;
						TestTargetID = 8D29B8A81A37A4F800EC8DB7;
					};
				};
			};
			buildConfigurationList = 8D29B8A41A37A4F800EC8DB7 /* Build configuration list for PBXProject "iOSChallenge" */;
			compatibilityVersion = "Xcode 3.2";
			developmentRegion = English;
			hasScannedForEncodings = 0;
			knownRegions = (
				en,
				Base,
			);
			mainGroup = 8D29B8A01A37A4F800EC8DB7;
			productRefGroup = 8D29B8AA1A37A4F800EC8DB7 /* Products */;
			projectDirPath = "";
			projectRoot = "";
			targets = (
				8D29B8A81A37A4F800EC8DB7 /* iOSChallenge */,
				8D29B8C11A37A4F800EC8DB7 /* iOSChallengeTests */,
			);
		};
/* End PBXProject section */

/* Begin PBXResourcesBuildPhase section */
		8D29B8A71A37A4F800EC8DB7 /* Resources */ = {
			isa = PBXResourcesBuildPhase;
			buildActionMask = 2147483647;
			files = (
				8D29B8B81A37A4F800EC8DB7 /* Main.storyboard in Resources */,
				BF686E031A3887BD007EC0E3 /* ItemMenu.xib in Resources */,
				8D29B8BD1A37A4F800EC8DB7 /* LaunchScreen.xib in Resources */,
				8D29B8BA1A37A4F800EC8DB7 /* Images.xcassets in Resources */,
			);
			runOnlyForDeploymentPostprocessing = 0;
		};
		8D29B8C01A37A4F800EC8DB7 /* Resources */ = {
			isa = PBXResourcesBuildPhase;
			buildActionMask = 2147483647;
			files = (
			);
			runOnlyForDeploymentPostprocessing = 0;
		};
/* End PBXResourcesBuildPhase section */

/* Begin PBXSourcesBuildPhase section */
		8D29B8A51A37A4F800EC8DB7 /* Sources */ = {
			isa = PBXSourcesBuildPhase;
			buildActionMask = 2147483647;
			files = (
				8D29B8B51A37A4F800EC8DB7 /* ViewController.m in Sources */,
				BF686DFB1A38792C007EC0E3 /* Circle.m in Sources */,
				BF686DFE1A388423007EC0E3 /* Segment.m in Sources */,
				BF686E011A3886F4007EC0E3 /* ItemMenu.m in Sources */,
				BF1529B11A3A2D360093A2B6 /* UserActionButton.m in Sources */,
				BF686E061A38CCD1007EC0E3 /* Title.m in Sources */,
				BF1529AD1A3A18EC0093A2B6 /* BarButton.m in Sources */,
				8D29B8B21A37A4F800EC8DB7 /* AppDelegate.m in Sources */,
				BF1529B71A3A4AC80093A2B6 /* UserChoiceViewController.m in Sources */,
				BF1529A51A3A0FA30093A2B6 /* Menu.m in Sources */,
				8D29B8AF1A37A4F800EC8DB7 /* main.m in Sources */,
				BF1529B41A3A36720093A2B6 /* Footer.m in Sources */,
				BF1529AA1A3A17340093A2B6 /* TransparentToolbar.m in Sources */,
			);
			runOnlyForDeploymentPostprocessing = 0;
		};
		8D29B8BE1A37A4F800EC8DB7 /* Sources */ = {
			isa = PBXSourcesBuildPhase;
			buildActionMask = 2147483647;
			files = (
				8D29B8C91A37A4F800EC8DB7 /* iOSChallengeTests.m in Sources */,
			);
			runOnlyForDeploymentPostprocessing = 0;
		};
/* End PBXSourcesBuildPhase section */

/* Begin PBXTargetDependency section */
		8D29B8C41A37A4F800EC8DB7 /* PBXTargetDependency */ = {
			isa = PBXTargetDependency;
			target = 8D29B8A81A37A4F800EC8DB7 /* iOSChallenge */;
			targetProxy = 8D29B8C31A37A4F800EC8DB7 /* PBXContainerItemProxy */;
		};
/* End PBXTargetDependency section */

/* Begin PBXVariantGroup section */
		8D29B8B61A37A4F800EC8DB7 /* Main.storyboard */ = {
			isa = PBXVariantGroup;
			children = (
				8D29B8B71A37A4F800EC8DB7 /* Base */,
			);
			name = Main.storyboard;
			sourceTree = "<group>";
		};
		8D29B8BB1A37A4F800EC8DB7 /* LaunchScreen.xib */ = {
			isa = PBXVariantGroup;
			children = (
				8D29B8BC1A37A4F800EC8DB7 /* Base */,
			);
			name = LaunchScreen.xib;
			sourceTree = "<group>";
		};
/* End PBXVariantGroup section */

/* Begin XCBuildConfiguration section */
		8D29B8CA1A37A4F800EC8DB7 /* Debug */ = {
			isa = XCBuildConfiguration;
			buildSettings = {
				ALWAYS_SEARCH_USER_PATHS = NO;
				CLANG_CXX_LANGUAGE_STANDARD = "gnu++0x";
				CLANG_CXX_LIBRARY = "libc++";
				CLANG_ENABLE_MODULES = YES;
				CLANG_ENABLE_OBJC_ARC = YES;
				CLANG_WARN_BOOL_CONVERSION = YES;
				CLANG_WARN_CONSTANT_CONVERSION = YES;
				CLANG_WARN_DIRECT_OBJC_ISA_USAGE = YES_ERROR;
				CLANG_WARN_EMPTY_BODY = YES;
				CLANG_WARN_ENUM_CONVERSION = YES;
				CLANG_WARN_INT_CONVERSION = YES;
				CLANG_WARN_OBJC_ROOT_CLASS = YES_ERROR;
				CLANG_WARN_UNREACHABLE_CODE = YES;
				CLANG_WARN__DUPLICATE_METHOD_MATCH = YES;
				"CODE_SIGN_IDENTITY[sdk=iphoneos*]" = "iPhone Developer";
				COPY_PHASE_STRIP = NO;
				ENABLE_STRICT_OBJC_MSGSEND = YES;
				GCC_C_LANGUAGE_STANDARD = gnu99;
				GCC_DYNAMIC_NO_PIC = NO;
				GCC_OPTIMIZATION_LEVEL = 0;
				GCC_PREPROCESSOR_DEFINITIONS = (
					"DEBUG=1",
					"$(inherited)",
				);
				GCC_SYMBOLS_PRIVATE_EXTERN = NO;
				GCC_WARN_64_TO_32_BIT_CONVERSION = YES;
				GCC_WARN_ABOUT_RETURN_TYPE = YES_ERROR;
				GCC_WARN_UNDECLARED_SELECTOR = YES;
				GCC_WARN_UNINITIALIZED_AUTOS = YES_AGGRESSIVE;
				GCC_WARN_UNUSED_FUNCTION = YES;
				GCC_WARN_UNUSED_VARIABLE = YES;
				IPHONEOS_DEPLOYMENT_TARGET = 8.1;
				MTL_ENABLE_DEBUG_INFO = YES;
				ONLY_ACTIVE_ARCH = YES;
				SDKROOT = iphoneos;
			};
			name = Debug;
		};
		8D29B8CB1A37A4F800EC8DB7 /* Release */ = {
			isa = XCBuildConfiguration;
			buildSettings = {
				ALWAYS_SEARCH_USER_PATHS = NO;
				CLANG_CXX_LANGUAGE_STANDARD = "gnu++0x";
				CLANG_CXX_LIBRARY = "libc++";
				CLANG_ENABLE_MODULES = YES;
				CLANG_ENABLE_OBJC_ARC = YES;
				CLANG_WARN_BOOL_CONVERSION = YES;
				CLANG_WARN_CONSTANT_CONVERSION = YES;
				CLANG_WARN_DIRECT_OBJC_ISA_USAGE = YES_ERROR;
				CLANG_WARN_EMPTY_BODY = YES;
				CLANG_WARN_ENUM_CONVERSION = YES;
				CLANG_WARN_INT_CONVERSION = YES;
				CLANG_WARN_OBJC_ROOT_CLASS = YES_ERROR;
				CLANG_WARN_UNREACHABLE_CODE = YES;
				CLANG_WARN__DUPLICATE_METHOD_MATCH = YES;
				"CODE_SIGN_IDENTITY[sdk=iphoneos*]" = "iPhone Developer";
				COPY_PHASE_STRIP = YES;
				ENABLE_NS_ASSERTIONS = NO;
				ENABLE_STRICT_OBJC_MSGSEND = YES;
				GCC_C_LANGUAGE_STANDARD = gnu99;
				GCC_WARN_64_TO_32_BIT_CONVERSION = YES;
				GCC_WARN_ABOUT_RETURN_TYPE = YES_ERROR;
				GCC_WARN_UNDECLARED_SELECTOR = YES;
				GCC_WARN_UNINITIALIZED_AUTOS = YES_AGGRESSIVE;
				GCC_WARN_UNUSED_FUNCTION = YES;
				GCC_WARN_UNUSED_VARIABLE = YES;
				IPHONEOS_DEPLOYMENT_TARGET = 8.1;
				MTL_ENABLE_DEBUG_INFO = NO;
				SDKROOT = iphoneos;
				VALIDATE_PRODUCT = YES;
			};
			name = Release;
		};
		8D29B8CD1A37A4F800EC8DB7 /* Debug */ = {
			isa = XCBuildConfiguration;
			buildSettings = {
				ASSETCATALOG_COMPILER_APPICON_NAME = AppIcon;
				INFOPLIST_FILE = iOSChallenge/Info.plist;
				LD_RUNPATH_SEARCH_PATHS = "$(inherited) @executable_path/Frameworks";
				PRODUCT_NAME = "$(TARGET_NAME)";
			};
			name = Debug;
		};
		8D29B8CE1A37A4F800EC8DB7 /* Release */ = {
			isa = XCBuildConfiguration;
			buildSettings = {
				ASSETCATALOG_COMPILER_APPICON_NAME = AppIcon;
				INFOPLIST_FILE = iOSChallenge/Info.plist;
				LD_RUNPATH_SEARCH_PATHS = "$(inherited) @executable_path/Frameworks";
				PRODUCT_NAME = "$(TARGET_NAME)";
			};
			name = Release;
		};
		8D29B8D01A37A4F800EC8DB7 /* Debug */ = {
			isa = XCBuildConfiguration;
			buildSettings = {
				BUNDLE_LOADER = "$(TEST_HOST)";
				FRAMEWORK_SEARCH_PATHS = (
					"$(SDKROOT)/Developer/Library/Frameworks",
					"$(inherited)",
				);
				GCC_PREPROCESSOR_DEFINITIONS = (
					"DEBUG=1",
					"$(inherited)",
				);
				INFOPLIST_FILE = iOSChallengeTests/Info.plist;
				LD_RUNPATH_SEARCH_PATHS = "$(inherited) @executable_path/Frameworks @loader_path/Frameworks";
				PRODUCT_NAME = "$(TARGET_NAME)";
				TEST_HOST = "$(BUILT_PRODUCTS_DIR)/iOSChallenge.app/iOSChallenge";
			};
			name = Debug;
		};
		8D29B8D11A37A4F800EC8DB7 /* Release */ = {
			isa = XCBuildConfiguration;
			buildSettings = {
				BUNDLE_LOADER = "$(TEST_HOST)";
				FRAMEWORK_SEARCH_PATHS = (
					"$(SDKROOT)/Developer/Library/Frameworks",
					"$(inherited)",
				);
				INFOPLIST_FILE = iOSChallengeTests/Info.plist;
				LD_RUNPATH_SEARCH_PATHS = "$(inherited) @executable_path/Frameworks @loader_path/Frameworks";
				PRODUCT_NAME = "$(TARGET_NAME)";
				TEST_HOST = "$(BUILT_PRODUCTS_DIR)/iOSChallenge.app/iOSChallenge";
			};
			name = Release;
		};
/* End XCBuildConfiguration section */

/* Begin XCConfigurationList section */
		8D29B8A41A37A4F800EC8DB7 /* Build configuration list for PBXProject "iOSChallenge" */ = {
			isa = XCConfigurationList;
			buildConfigurations = (
				8D29B8CA1A37A4F800EC8DB7 /* Debug */,
				8D29B8CB1A37A4F800EC8DB7 /* Release */,
			);
			defaultConfigurationIsVisible = 0;
			defaultConfigurationName = Release;
		};
		8D29B8CC1A37A4F800EC8DB7 /* Build configuration list for PBXNativeTarget "iOSChallenge" */ = {
			isa = XCConfigurationList;
			buildConfigurations = (
				8D29B8CD1A37A4F800EC8DB7 /* Debug */,
				8D29B8CE1A37A4F800EC8DB7 /* Release */,
			);
			defaultConfigurationIsVisible = 0;
			defaultConfigurationName = Release;
		};
		8D29B8CF1A37A4F800EC8DB7 /* Build configuration list for PBXNativeTarget "iOSChallengeTests" */ = {
			isa = XCConfigurationList;
			buildConfigurations = (
				8D29B8D01A37A4F800EC8DB7 /* Debug */,
				8D29B8D11A37A4F800EC8DB7 /* Release */,
			);
			defaultConfigurationIsVisible = 0;
			defaultConfigurationName = Release;
		};
/* End XCConfigurationList section */
	};
	rootObject = 8D29B8A11A37A4F800EC8DB7 /* Project object */;
}
